{
  "requires": true,
  "lockfileVersion": 1,
  "dependencies": {
    "art-template": {
      "version": "4.13.1",
      "resolved": "http://registry.npm.taobao.org/art-template/download/art-template-4.13.1.tgz",
      "dependencies": {
        "acorn": {
          "version": "http://registry.npm.taobao.org/acorn/download/acorn-5.7.3.tgz"
        },
        "escodegen": {
          "version": "http://registry.npm.taobao.org/escodegen/download/escodegen-1.11.0.tgz"
        },
        "estraverse": {
          "version": "http://registry.npm.taobao.org/estraverse/download/estraverse-4.2.0.tgz"
        },
        "html-minifier": {
          "version": "http://registry.npm.taobao.org/html-minifier/download/html-minifier-3.5.20.tgz"
        },
        "is-keyword-js": {
          "version": "http://registry.npm.taobao.org/is-keyword-js/download/is-keyword-js-1.0.3.tgz"
        },
        "js-tokens": {
          "version": "http://registry.npm.taobao.org/js-tokens/download/js-tokens-3.0.2.tgz"
        },
        "merge-source-map": {
          "version": "http://registry.npm.taobao.org/merge-source-map/download/merge-source-map-1.1.0.tgz"
        },
        "source-map": {
          "version": "http://registry.npm.taobao.org/source-map/download/source-map-0.5.7.tgz"
        }
      }
    },
    "axios": {
      "version": "0.18.0",
      "resolved": "http://registry.npm.taobao.org/axios/download/axios-0.18.0.tgz",
      "dependencies": {
        "follow-redirects": {
          "version": "http://registry.npm.taobao.org/follow-redirects/download/follow-redirects-1.5.9.tgz",
          "bundled": true
        },
        "is-buffer": {
          "version": "http://registry.npm.taobao.org/is-buffer/download/is-buffer-1.1.6.tgz",
          "bundled": true
        }
      }
    },
    "todomvc-app-css": {
      "version": "2.1.2",
      "resolved": "http://registry.npm.taobao.org/todomvc-app-css/download/todomvc-app-css-2.1.2.tgz"
    },
    "todomvc-common": {
      "version": "1.0.5",
      "resolved": "http://registry.npm.taobao.org/todomvc-common/download/todomvc-common-1.0.5.tgz"
    },
    "vue": {
      "version": "2.5.17",
      "resolved": "http://r.cnpmjs.org/vue/download/vue-2.5.17.tgz",
      "integrity": "sha1-D4eJrXGL5oyhhyYpgy7VM1icato="
    }
  }
}
